// !$*UTF8*$!
{
	archiveVersion = 1;
	classes = {
	};
	objectVersion = 55;
	objects = {

/* Begin PBXBuildFile section */
		B50C05CA288019F0006E7EE3 /* UIAlertController.swift in Sources */ = {isa = PBXBuildFile; fileRef = B50C05C9288019F0006E7EE3 /* UIAlertController.swift */; };
		B50C05CC2880214E006E7EE3 /* Localizer.swift in Sources */ = {isa = PBXBuildFile; fileRef = B50C05CB2880214E006E7EE3 /* Localizer.swift */; };
		B50C05CF288021DD006E7EE3 /* Localizable.strings in Resources */ = {isa = PBXBuildFile; fileRef = B50C05D1288021DD006E7EE3 /* Localizable.strings */; };
		B52015B3287FD04100B0BE0F /* AppDelegate.swift in Sources */ = {isa = PBXBuildFile; fileRef = B52015B2287FD04100B0BE0F /* AppDelegate.swift */; };
		B52015B5287FD04100B0BE0F /* SceneDelegate.swift in Sources */ = {isa = PBXBuildFile; fileRef = B52015B4287FD04100B0BE0F /* SceneDelegate.swift */; };
		B52015B7287FD04100B0BE0F /* ListVC.swift in Sources */ = {isa = PBXBuildFile; fileRef = B52015B6287FD04100B0BE0F /* ListVC.swift */; };
		B52015BA287FD04100B0BE0F /* List.storyboard in Resources */ = {isa = PBXBuildFile; fileRef = B52015B8287FD04100B0BE0F /* List.storyboard */; };
		B52015BC287FD04200B0BE0F /* Assets.xcassets in Resources */ = {isa = PBXBuildFile; fileRef = B52015BB287FD04200B0BE0F /* Assets.xcassets */; };
		B52015BF287FD04200B0BE0F /* LaunchScreen.storyboard in Resources */ = {isa = PBXBuildFile; fileRef = B52015BD287FD04200B0BE0F /* LaunchScreen.storyboard */; };
		B52015CD287FD0C400B0BE0F /* ReusableCell.swift in Sources */ = {isa = PBXBuildFile; fileRef = B52015CC287FD0C400B0BE0F /* ReusableCell.swift */; };
		B52015D0287FD15E00B0BE0F /* UIImageView.swift in Sources */ = {isa = PBXBuildFile; fileRef = B52015CF287FD15E00B0BE0F /* UIImageView.swift */; };
		B52015D2287FD18300B0BE0F /* UITableViewCell.swift in Sources */ = {isa = PBXBuildFile; fileRef = B52015D1287FD18300B0BE0F /* UITableViewCell.swift */; };
		B52015D4287FD1F200B0BE0F /* Storyboarded.swift in Sources */ = {isa = PBXBuildFile; fileRef = B52015D3287FD1F200B0BE0F /* Storyboarded.swift */; };
		B52015D6287FD36000B0BE0F /* VCBuilder.swift in Sources */ = {isa = PBXBuildFile; fileRef = B52015D5287FD36000B0BE0F /* VCBuilder.swift */; };
		B52015D8287FD4BE00B0BE0F /* DataSource.swift in Sources */ = {isa = PBXBuildFile; fileRef = B52015D7287FD4BE00B0BE0F /* DataSource.swift */; };
		B52015DB287FD6B000B0BE0F /* APIManager.swift in Sources */ = {isa = PBXBuildFile; fileRef = B52015DA287FD6B000B0BE0F /* APIManager.swift */; };
		B52015DD287FDF2900B0BE0F /* Dictionary.swift in Sources */ = {isa = PBXBuildFile; fileRef = B52015DC287FDF2900B0BE0F /* Dictionary.swift */; };
		B52015DF287FE62F00B0BE0F /* ServiceCell.swift in Sources */ = {isa = PBXBuildFile; fileRef = B52015DE287FE62F00B0BE0F /* ServiceCell.swift */; };
		B52745A32882B685009095BB /* UIRefreshControl.swift in Sources */ = {isa = PBXBuildFile; fileRef = B52745A22882B685009095BB /* UIRefreshControl.swift */; };
		B52745A52882D21B009095BB /* With.swift in Sources */ = {isa = PBXBuildFile; fileRef = B52745A42882D21B009095BB /* With.swift */; };
		B56DDC69287FE9E50083C81B /* String.swift in Sources */ = {isa = PBXBuildFile; fileRef = B56DDC68287FE9E50083C81B /* String.swift */; };
		B56DDC6B287FED6F0083C81B /* UIApplication.swift in Sources */ = {isa = PBXBuildFile; fileRef = B56DDC6A287FED6F0083C81B /* UIApplication.swift */; };
		B56DDC6D287FF08C0083C81B /* Network.swift in Sources */ = {isa = PBXBuildFile; fileRef = B56DDC6C287FF08C0083C81B /* Network.swift */; };
		B56DDC70287FF0C90083C81B /* APIType.swift in Sources */ = {isa = PBXBuildFile; fileRef = B56DDC6F287FF0C90083C81B /* APIType.swift */; };
/* End PBXBuildFile section */

/* Begin PBXFileReference section */
		B50C05C9288019F0006E7EE3 /* UIAlertController.swift */ = {isa = PBXFileReference; lastKnownFileType = sourcecode.swift; path = UIAlertController.swift; sourceTree = "<group>"; };
		B50C05CB2880214E006E7EE3 /* Localizer.swift */ = {isa = PBXFileReference; lastKnownFileType = sourcecode.swift; path = Localizer.swift; sourceTree = "<group>"; };
		B50C05D0288021DD006E7EE3 /* en */ = {isa = PBXFileReference; lastKnownFileType = text.plist.strings; name = en; path = en.lproj/Localizable.strings; sourceTree = "<group>"; };
		B50C05D2288021ED006E7EE3 /* ru */ = {isa = PBXFileReference; lastKnownFileType = text.plist.strings; name = ru; path = ru.lproj/LaunchScreen.strings; sourceTree = "<group>"; };
		B50C05D3288021ED006E7EE3 /* ru */ = {isa = PBXFileReference; lastKnownFileType = text.plist.strings; name = ru; path = ru.lproj/List.strings; sourceTree = "<group>"; };
		B50C05D4288021ED006E7EE3 /* ru */ = {isa = PBXFileReference; lastKnownFileType = text.plist.strings; name = ru; path = ru.lproj/Localizable.strings; sourceTree = "<group>"; };
		B50C05D628802283006E7EE3 /* en */ = {isa = PBXFileReference; lastKnownFileType = text.plist.strings; name = en; path = en.lproj/LaunchScreen.strings; sourceTree = "<group>"; };
		B50C05D8288022A8006E7EE3 /* en */ = {isa = PBXFileReference; lastKnownFileType = text.plist.strings; name = en; path = en.lproj/List.strings; sourceTree = "<group>"; };
		B52015AF287FD04100B0BE0F /* VKGroup.app */ = {isa = PBXFileReference; explicitFileType = wrapper.application; includeInIndex = 0; path = VKGroup.app; sourceTree = BUILT_PRODUCTS_DIR; };
		B52015B2287FD04100B0BE0F /* AppDelegate.swift */ = {isa = PBXFileReference; lastKnownFileType = sourcecode.swift; path = AppDelegate.swift; sourceTree = "<group>"; };
		B52015B4287FD04100B0BE0F /* SceneDelegate.swift */ = {isa = PBXFileReference; lastKnownFileType = sourcecode.swift; path = SceneDelegate.swift; sourceTree = "<group>"; };
		B52015B6287FD04100B0BE0F /* ListVC.swift */ = {isa = PBXFileReference; lastKnownFileType = sourcecode.swift; path = ListVC.swift; sourceTree = "<group>"; };
		B52015B9287FD04100B0BE0F /* Base */ = {isa = PBXFileReference; lastKnownFileType = file.storyboard; name = Base; path = Base.lproj/List.storyboard; sourceTree = "<group>"; };
		B52015BB287FD04200B0BE0F /* Assets.xcassets */ = {isa = PBXFileReference; lastKnownFileType = folder.assetcatalog; path = Assets.xcassets; sourceTree = "<group>"; };
		B52015BE287FD04200B0BE0F /* Base */ = {isa = PBXFileReference; lastKnownFileType = file.storyboard; name = Base; path = Base.lproj/LaunchScreen.storyboard; sourceTree = "<group>"; };
		B52015C0287FD04200B0BE0F /* Info.plist */ = {isa = PBXFileReference; lastKnownFileType = text.plist.xml; path = Info.plist; sourceTree = "<group>"; };
		B52015CC287FD0C400B0BE0F /* ReusableCell.swift */ = {isa = PBXFileReference; lastKnownFileType = sourcecode.swift; path = ReusableCell.swift; sourceTree = "<group>"; };
		B52015CF287FD15E00B0BE0F /* UIImageView.swift */ = {isa = PBXFileReference; lastKnownFileType = sourcecode.swift; path = UIImageView.swift; sourceTree = "<group>"; };
		B52015D1287FD18300B0BE0F /* UITableViewCell.swift */ = {isa = PBXFileReference; lastKnownFileType = sourcecode.swift; path = UITableViewCell.swift; sourceTree = "<group>"; };
		B52015D3287FD1F200B0BE0F /* Storyboarded.swift */ = {isa = PBXFileReference; lastKnownFileType = sourcecode.swift; path = Storyboarded.swift; sourceTree = "<group>"; };
		B52015D5287FD36000B0BE0F /* VCBuilder.swift */ = {isa = PBXFileReference; lastKnownFileType = sourcecode.swift; path = VCBuilder.swift; sourceTree = "<group>"; };
		B52015D7287FD4BE00B0BE0F /* DataSource.swift */ = {isa = PBXFileReference; lastKnownFileType = sourcecode.swift; path = DataSource.swift; sourceTree = "<group>"; };
		B52015DA287FD6B000B0BE0F /* APIManager.swift */ = {isa = PBXFileReference; lastKnownFileType = sourcecode.swift; path = APIManager.swift; sourceTree = "<group>"; };
		B52015DC287FDF2900B0BE0F /* Dictionary.swift */ = {isa = PBXFileReference; lastKnownFileType = sourcecode.swift; path = Dictionary.swift; sourceTree = "<group>"; };
		B52015DE287FE62F00B0BE0F /* ServiceCell.swift */ = {isa = PBXFileReference; lastKnownFileType = sourcecode.swift; path = ServiceCell.swift; sourceTree = "<group>"; };
		B52745A22882B685009095BB /* UIRefreshControl.swift */ = {isa = PBXFileReference; lastKnownFileType = sourcecode.swift; path = UIRefreshControl.swift; sourceTree = "<group>"; };
		B52745A42882D21B009095BB /* With.swift */ = {isa = PBXFileReference; lastKnownFileType = sourcecode.swift; path = With.swift; sourceTree = "<group>"; };
		B56DDC68287FE9E50083C81B /* String.swift */ = {isa = PBXFileReference; lastKnownFileType = sourcecode.swift; path = String.swift; sourceTree = "<group>"; };
		B56DDC6A287FED6F0083C81B /* UIApplication.swift */ = {isa = PBXFileReference; lastKnownFileType = sourcecode.swift; path = UIApplication.swift; sourceTree = "<group>"; };
		B56DDC6C287FF08C0083C81B /* Network.swift */ = {isa = PBXFileReference; lastKnownFileType = sourcecode.swift; path = Network.swift; sourceTree = "<group>"; };
		B56DDC6F287FF0C90083C81B /* APIType.swift */ = {isa = PBXFileReference; lastKnownFileType = sourcecode.swift; path = APIType.swift; sourceTree = "<group>"; };
/* End PBXFileReference section */

/* Begin PBXFrameworksBuildPhase section */
		B52015AC287FD04100B0BE0F /* Frameworks */ = {
			isa = PBXFrameworksBuildPhase;
			buildActionMask = 2147483647;
			files = (
			);
			runOnlyForDeploymentPostprocessing = 0;
		};
/* End PBXFrameworksBuildPhase section */

/* Begin PBXGroup section */
		B52015A6287FD04100B0BE0F = {
			isa = PBXGroup;
			children = (
				B52015B1287FD04100B0BE0F /* VKGroup */,
				B52015B0287FD04100B0BE0F /* Products */,
			);
			sourceTree = "<group>";
		};
		B52015B0287FD04100B0BE0F /* Products */ = {
			isa = PBXGroup;
			children = (
				B52015AF287FD04100B0BE0F /* VKGroup.app */,
			);
			name = Products;
			sourceTree = "<group>";
		};
		B52015B1287FD04100B0BE0F /* VKGroup */ = {
			isa = PBXGroup;
			children = (
				B52015C0287FD04200B0BE0F /* Info.plist */,
				B52015C7287FD06200B0BE0F /* App */,
				B52015CE287FD15100B0BE0F /* Extensions */,
				B52015C6287FD05A00B0BE0F /* Resources */,
				B52015C8287FD06800B0BE0F /* Screens */,
				B52015D9287FD69800B0BE0F /* Services */,
			);
			path = VKGroup;
			sourceTree = "<group>";
		};
		B52015C6287FD05A00B0BE0F /* Resources */ = {
			isa = PBXGroup;
			children = (
				B50C05D1288021DD006E7EE3 /* Localizable.strings */,
				B52015BB287FD04200B0BE0F /* Assets.xcassets */,
				B52015BD287FD04200B0BE0F /* LaunchScreen.storyboard */,
			);
			path = Resources;
			sourceTree = "<group>";
		};
		B52015C7287FD06200B0BE0F /* App */ = {
			isa = PBXGroup;
			children = (
				B52015E0287FE8CD00B0BE0F /* Base */,
				B52015B2287FD04100B0BE0F /* AppDelegate.swift */,
				B52015B4287FD04100B0BE0F /* SceneDelegate.swift */,
				B52015D5287FD36000B0BE0F /* VCBuilder.swift */,
			);
			path = App;
			sourceTree = "<group>";
		};
		B52015C8287FD06800B0BE0F /* Screens */ = {
			isa = PBXGroup;
			children = (
				B52015C9287FD07000B0BE0F /* ListVC */,
			);
			path = Screens;
			sourceTree = "<group>";
		};
		B52015C9287FD07000B0BE0F /* ListVC */ = {
			isa = PBXGroup;
			children = (
				B52015E1287FE95800B0BE0F /* Cells */,
				B52015B8287FD04100B0BE0F /* List.storyboard */,
				B52015B6287FD04100B0BE0F /* ListVC.swift */,
			);
			path = ListVC;
			sourceTree = "<group>";
		};
		B52015CE287FD15100B0BE0F /* Extensions */ = {
			isa = PBXGroup;
			children = (
				B52015DC287FDF2900B0BE0F /* Dictionary.swift */,
				B56DDC6A287FED6F0083C81B /* UIApplication.swift */,
				B52015D3287FD1F200B0BE0F /* Storyboarded.swift */,
				B56DDC68287FE9E50083C81B /* String.swift */,
				B52015CF287FD15E00B0BE0F /* UIImageView.swift */,
				B52015D1287FD18300B0BE0F /* UITableViewCell.swift */,
				B50C05C9288019F0006E7EE3 /* UIAlertController.swift */,
				B50C05CB2880214E006E7EE3 /* Localizer.swift */,
				B52745A22882B685009095BB /* UIRefreshControl.swift */,
				B52745A42882D21B009095BB /* With.swift */,
			);
			path = Extensions;
			sourceTree = "<group>";
		};
		B52015D9287FD69800B0BE0F /* Services */ = {
			isa = PBXGroup;
			children = (
				B56DDC71287FF0D50083C81B /* Network */,
			);
			path = Services;
			sourceTree = "<group>";
		};
		B52015E0287FE8CD00B0BE0F /* Base */ = {
			isa = PBXGroup;
			children = (
				B52015CC287FD0C400B0BE0F /* ReusableCell.swift */,
				B52015D7287FD4BE00B0BE0F /* DataSource.swift */,
			);
			path = Base;
			sourceTree = "<group>";
		};
		B52015E1287FE95800B0BE0F /* Cells */ = {
			isa = PBXGroup;
			children = (
				B52015DE287FE62F00B0BE0F /* ServiceCell.swift */,
			);
			path = Cells;
			sourceTree = "<group>";
		};
		B56DDC6E287FF09F0083C81B /* Core */ = {
			isa = PBXGroup;
			children = (
				B56DDC6C287FF08C0083C81B /* Network.swift */,
			);
			path = Core;
			sourceTree = "<group>";
		};
		B56DDC71287FF0D50083C81B /* Network */ = {
			isa = PBXGroup;
			children = (
				B56DDC6E287FF09F0083C81B /* Core */,
				B52015DA287FD6B000B0BE0F /* APIManager.swift */,
				B56DDC6F287FF0C90083C81B /* APIType.swift */,
			);
			path = Network;
			sourceTree = "<group>";
		};
/* End PBXGroup section */

/* Begin PBXNativeTarget section */
		B52015AE287FD04100B0BE0F /* VKGroup */ = {
			isa = PBXNativeTarget;
			buildConfigurationList = B52015C3287FD04200B0BE0F /* Build configuration list for PBXNativeTarget "VKGroup" */;
			buildPhases = (
				B52015AB287FD04100B0BE0F /* Sources */,
				B52015AC287FD04100B0BE0F /* Frameworks */,
				B52015AD287FD04100B0BE0F /* Resources */,
			);
			buildRules = (
			);
			dependencies = (
			);
			name = VKGroup;
			productName = VKGroup;
			productReference = B52015AF287FD04100B0BE0F /* VKGroup.app */;
			productType = "com.apple.product-type.application";
		};
/* End PBXNativeTarget section */

/* Begin PBXProject section */
		B52015A7287FD04100B0BE0F /* Project object */ = {
			isa = PBXProject;
			attributes = {
				BuildIndependentTargetsInParallel = 1;
				LastSwiftUpdateCheck = 1330;
				LastUpgradeCheck = 1330;
				TargetAttributes = {
					B52015AE287FD04100B0BE0F = {
						CreatedOnToolsVersion = 13.3;
					};
				};
			};
			buildConfigurationList = B52015AA287FD04100B0BE0F /* Build configuration list for PBXProject "VKGroup" */;
			compatibilityVersion = "Xcode 13.0";
			developmentRegion = en;
			hasScannedForEncodings = 0;
			knownRegions = (
				en,
				Base,
				ru,
			);
			mainGroup = B52015A6287FD04100B0BE0F;
			productRefGroup = B52015B0287FD04100B0BE0F /* Products */;
			projectDirPath = "";
			projectRoot = "";
			targets = (
				B52015AE287FD04100B0BE0F /* VKGroup */,
			);
		};
/* End PBXProject section */

/* Begin PBXResourcesBuildPhase section */
		B52015AD287FD04100B0BE0F /* Resources */ = {
			isa = PBXResourcesBuildPhase;
			buildActionMask = 2147483647;
			files = (
				B52015BF287FD04200B0BE0F /* LaunchScreen.storyboard in Resources */,
				B50C05CF288021DD006E7EE3 /* Localizable.strings in Resources */,
				B52015BC287FD04200B0BE0F /* Assets.xcassets in Resources */,
				B52015BA287FD04100B0BE0F /* List.storyboard in Resources */,
			);
			runOnlyForDeploymentPostprocessing = 0;
		};
/* End PBXResourcesBuildPhase section */

/* Begin PBXSourcesBuildPhase section */
		B52015AB287FD04100B0BE0F /* Sources */ = {
			isa = PBXSourcesBuildPhase;
			buildActionMask = 2147483647;
			files = (
				B52015B7287FD04100B0BE0F /* ListVC.swift in Sources */,
				B52745A32882B685009095BB /* UIRefreshControl.swift in Sources */,
				B56DDC69287FE9E50083C81B /* String.swift in Sources */,
				B52015B3287FD04100B0BE0F /* AppDelegate.swift in Sources */,
				B52015D8287FD4BE00B0BE0F /* DataSource.swift in Sources */,
				B52745A52882D21B009095BB /* With.swift in Sources */,
				B56DDC70287FF0C90083C81B /* APIType.swift in Sources */,
				B52015D6287FD36000B0BE0F /* VCBuilder.swift in Sources */,
				B56DDC6D287FF08C0083C81B /* Network.swift in Sources */,
				B52015DB287FD6B000B0BE0F /* APIManager.swift in Sources */,
				B52015DD287FDF2900B0BE0F /* Dictionary.swift in Sources */,
				B50C05CC2880214E006E7EE3 /* Localizer.swift in Sources */,
				B52015B5287FD04100B0BE0F /* SceneDelegate.swift in Sources */,
				B56DDC6B287FED6F0083C81B /* UIApplication.swift in Sources */,
				B52015CD287FD0C400B0BE0F /* ReusableCell.swift in Sources */,
				B52015D0287FD15E00B0BE0F /* UIImageView.swift in Sources */,
				B52015D2287FD18300B0BE0F /* UITableViewCell.swift in Sources */,
				B52015D4287FD1F200B0BE0F /* Storyboarded.swift in Sources */,
				B52015DF287FE62F00B0BE0F /* ServiceCell.swift in Sources */,
				B50C05CA288019F0006E7EE3 /* UIAlertController.swift in Sources */,
			);
			runOnlyForDeploymentPostprocessing = 0;
		};
/* End PBXSourcesBuildPhase section */

/* Begin PBXVariantGroup section */
		B50C05D1288021DD006E7EE3 /* Localizable.strings */ = {
			isa = PBXVariantGroup;
			children = (
				B50C05D0288021DD006E7EE3 /* en */,
				B50C05D4288021ED006E7EE3 /* ru */,
			);
			name = Localizable.strings;
			sourceTree = "<group>";
		};
		B52015B8287FD04100B0BE0F /* List.storyboard */ = {
			isa = PBXVariantGroup;
			children = (
				B52015B9287FD04100B0BE0F /* Base */,
				B50C05D3288021ED006E7EE3 /* ru */,
				B50C05D8288022A8006E7EE3 /* en */,
			);
			name = List.storyboard;
			sourceTree = "<group>";
		};
		B52015BD287FD04200B0BE0F /* LaunchScreen.storyboard */ = {
			isa = PBXVariantGroup;
			children = (
				B52015BE287FD04200B0BE0F /* Base */,
				B50C05D2288021ED006E7EE3 /* ru */,
				B50C05D628802283006E7EE3 /* en */,
			);
			name = LaunchScreen.storyboard;
			sourceTree = "<group>";
		};
/* End PBXVariantGroup section */

/* Begin XCBuildConfiguration section */
		B52015C1287FD04200B0BE0F /* Debug */ = {
			isa = XCBuildConfiguration;
			buildSettings = {
				ALWAYS_SEARCH_USER_PATHS = NO;
				CLANG_ANALYZER_LOCALIZABILITY_NONLOCALIZED = YES;
				CLANG_ANALYZER_NONNULL = YES;
				CLANG_ANALYZER_NUMBER_OBJECT_CONVERSION = YES_AGGRESSIVE;
				CLANG_CXX_LANGUAGE_STANDARD = "gnu++17";
				CLANG_ENABLE_MODULES = YES;
				CLANG_ENABLE_OBJC_ARC = YES;
				CLANG_ENABLE_OBJC_WEAK = YES;
				CLANG_WARN_BLOCK_CAPTURE_AUTORELEASING = YES;
				CLANG_WARN_BOOL_CONVERSION = YES;
				CLANG_WARN_COMMA = YES;
				CLANG_WARN_CONSTANT_CONVERSION = YES;
				CLANG_WARN_DEPRECATED_OBJC_IMPLEMENTATIONS = YES;
				CLANG_WARN_DIRECT_OBJC_ISA_USAGE = YES_ERROR;
				CLANG_WARN_DOCUMENTATION_COMMENTS = YES;
				CLANG_WARN_EMPTY_BODY = YES;
				CLANG_WARN_ENUM_CONVERSION = YES;
				CLANG_WARN_INFINITE_RECURSION = YES;
				CLANG_WARN_INT_CONVERSION = YES;
				CLANG_WARN_NON_LITERAL_NULL_CONVERSION = YES;
				CLANG_WARN_OBJC_IMPLICIT_RETAIN_SELF = YES;
				CLANG_WARN_OBJC_LITERAL_CONVERSION = YES;
				CLANG_WARN_OBJC_ROOT_CLASS = YES_ERROR;
				CLANG_WARN_QUOTED_INCLUDE_IN_FRAMEWORK_HEADER = YES;
				CLANG_WARN_RANGE_LOOP_ANALYSIS = YES;
				CLANG_WARN_STRICT_PROTOTYPES = YES;
				CLANG_WARN_SUSPICIOUS_MOVE = YES;
				CLANG_WARN_UNGUARDED_AVAILABILITY = YES_AGGRESSIVE;
				CLANG_WARN_UNREACHABLE_CODE = YES;
				CLANG_WARN__DUPLICATE_METHOD_MATCH = YES;
				COPY_PHASE_STRIP = NO;
				DEBUG_INFORMATION_FORMAT = dwarf;
				ENABLE_STRICT_OBJC_MSGSEND = YES;
				ENABLE_TESTABILITY = YES;
				GCC_C_LANGUAGE_STANDARD = gnu11;
				GCC_DYNAMIC_NO_PIC = NO;
				GCC_NO_COMMON_BLOCKS = YES;
				GCC_OPTIMIZATION_LEVEL = 0;
				GCC_PREPROCESSOR_DEFINITIONS = (
					"DEBUG=1",
					"$(inherited)",
				);
				GCC_WARN_64_TO_32_BIT_CONVERSION = YES;
				GCC_WARN_ABOUT_RETURN_TYPE = YES_ERROR;
				GCC_WARN_UNDECLARED_SELECTOR = YES;
				GCC_WARN_UNINITIALIZED_AUTOS = YES_AGGRESSIVE;
				GCC_WARN_UNUSED_FUNCTION = YES;
				GCC_WARN_UNUSED_VARIABLE = YES;
				IPHONEOS_DEPLOYMENT_TARGET = 14.0;
				MTL_ENABLE_DEBUG_INFO = INCLUDE_SOURCE;
				MTL_FAST_MATH = YES;
				ONLY_ACTIVE_ARCH = YES;
				SDKROOT = iphoneos;
				SWIFT_ACTIVE_COMPILATION_CONDITIONS = DEBUG;
				SWIFT_OPTIMIZATION_LEVEL = "-Onone";
			};
			name = Debug;
		};
		B52015C2287FD04200B0BE0F /* Release */ = {
			isa = XCBuildConfiguration;
			buildSettings = {
				ALWAYS_SEARCH_USER_PATHS = NO;
				CLANG_ANALYZER_LOCALIZABILITY_NONLOCALIZED = YES;
				CLANG_ANALYZER_NONNULL = YES;
				CLANG_ANALYZER_NUMBER_OBJECT_CONVERSION = YES_AGGRESSIVE;
				CLANG_CXX_LANGUAGE_STANDARD = "gnu++17";
				CLANG_ENABLE_MODULES = YES;
				CLANG_ENABLE_OBJC_ARC = YES;
				CLANG_ENABLE_OBJC_WEAK = YES;
				CLANG_WARN_BLOCK_CAPTURE_AUTORELEASING = YES;
				CLANG_WARN_BOOL_CONVERSION = YES;
				CLANG_WARN_COMMA = YES;
				CLANG_WARN_CONSTANT_CONVERSION = YES;
				CLANG_WARN_DEPRECATED_OBJC_IMPLEMENTATIONS = YES;
				CLANG_WARN_DIRECT_OBJC_ISA_USAGE = YES_ERROR;
				CLANG_WARN_DOCUMENTATION_COMMENTS = YES;
				CLANG_WARN_EMPTY_BODY = YES;
				CLANG_WARN_ENUM_CONVERSION = YES;
				CLANG_WARN_INFINITE_RECURSION = YES;
				CLANG_WARN_INT_CONVERSION = YES;
				CLANG_WARN_NON_LITERAL_NULL_CONVERSION = YES;
				CLANG_WARN_OBJC_IMPLICIT_RETAIN_SELF = YES;
				CLANG_WARN_OBJC_LITERAL_CONVERSION = YES;
				CLANG_WARN_OBJC_ROOT_CLASS = YES_ERROR;
				CLANG_WARN_QUOTED_INCLUDE_IN_FRAMEWORK_HEADER = YES;
				CLANG_WARN_RANGE_LOOP_ANALYSIS = YES;
				CLANG_WARN_STRICT_PROTOTYPES = YES;
				CLANG_WARN_SUSPICIOUS_MOVE = YES;
				CLANG_WARN_UNGUARDED_AVAILABILITY = YES_AGGRESSIVE;
				CLANG_WARN_UNREACHABLE_CODE = YES;
				CLANG_WARN__DUPLICATE_METHOD_MATCH = YES;
				COPY_PHASE_STRIP = NO;
				DEBUG_INFORMATION_FORMAT = "dwarf-with-dsym";
				ENABLE_NS_ASSERTIONS = NO;
				ENABLE_STRICT_OBJC_MSGSEND = YES;
				GCC_C_LANGUAGE_STANDARD = gnu11;
				GCC_NO_COMMON_BLOCKS = YES;
				GCC_WARN_64_TO_32_BIT_CONVERSION = YES;
				GCC_WARN_ABOUT_RETURN_TYPE = YES_ERROR;
				GCC_WARN_UNDECLARED_SELECTOR = YES;
				GCC_WARN_UNINITIALIZED_AUTOS = YES_AGGRESSIVE;
				GCC_WARN_UNUSED_FUNCTION = YES;
				GCC_WARN_UNUSED_VARIABLE = YES;
				IPHONEOS_DEPLOYMENT_TARGET = 14.0;
				MTL_ENABLE_DEBUG_INFO = NO;
				MTL_FAST_MATH = YES;
				SDKROOT = iphoneos;
				SWIFT_COMPILATION_MODE = wholemodule;
				SWIFT_OPTIMIZATION_LEVEL = "-O";
				VALIDATE_PRODUCT = YES;
			};
			name = Release;
		};
		B52015C4287FD04200B0BE0F /* Debug */ = {
			isa = XCBuildConfiguration;
			buildSettings = {
				ASSETCATALOG_COMPILER_APPICON_NAME = AppIcon;
				ASSETCATALOG_COMPILER_GLOBAL_ACCENT_COLOR_NAME = AccentColor;
				CODE_SIGN_STYLE = Automatic;
				CURRENT_PROJECT_VERSION = 1;
				DEVELOPMENT_TEAM = 95D67VXK3X;
				GENERATE_INFOPLIST_FILE = YES;
				INFOPLIST_FILE = VKGroup/Info.plist;
				INFOPLIST_KEY_UIApplicationSupportsIndirectInputEvents = YES;
				INFOPLIST_KEY_UILaunchStoryboardName = LaunchScreen;
				INFOPLIST_KEY_UISupportedInterfaceOrientations_iPad = "UIInterfaceOrientationPortrait UIInterfaceOrientationPortraitUpsideDown UIInterfaceOrientationLandscapeLeft UIInterfaceOrientationLandscapeRight";
				INFOPLIST_KEY_UISupportedInterfaceOrientations_iPhone = "UIInterfaceOrientationPortrait UIInterfaceOrientationLandscapeLeft UIInterfaceOrientationLandscapeRight";
				LD_RUNPATH_SEARCH_PATHS = (
					"$(inherited)",
					"@executable_path/Frameworks",
				);
				MARKETING_VERSION = 1.0;
				PRODUCT_BUNDLE_IDENTIFIER = ru.mustdev.VKGroup;
				PRODUCT_NAME = "$(TARGET_NAME)";
				SWIFT_EMIT_LOC_STRINGS = YES;
				SWIFT_VERSION = 5.0;
				TARGETED_DEVICE_FAMILY = "1,2";
			};
			name = Debug;
		};
		B52015C5287FD04200B0BE0F /* Release */ = {
			isa = XCBuildConfiguration;
			buildSettings = {
				ASSETCATALOG_COMPILER_APPICON_NAME = AppIcon;
				ASSETCATALOG_COMPILER_GLOBAL_ACCENT_COLOR_NAME = AccentColor;
				CODE_SIGN_STYLE = Automatic;
				CURRENT_PROJECT_VERSION = 1;
				DEVELOPMENT_TEAM = 95D67VXK3X;
				GENERATE_INFOPLIST_FILE = YES;
				INFOPLIST_FILE = VKGroup/Info.plist;
				INFOPLIST_KEY_UIApplicationSupportsIndirectInputEvents = YES;
				INFOPLIST_KEY_UILaunchStoryboardName = LaunchScreen;
				INFOPLIST_KEY_UISupportedInterfaceOrientations_iPad = "UIInterfaceOrientationPortrait UIInterfaceOrientationPortraitUpsideDown UIInterfaceOrientationLandscapeLeft UIInterfaceOrientationLandscapeRight";
				INFOPLIST_KEY_UISupportedInterfaceOrientations_iPhone = "UIInterfaceOrientationPortrait UIInterfaceOrientationLandscapeLeft UIInterfaceOrientationLandscapeRight";
				LD_RUNPATH_SEARCH_PATHS = (
					"$(inherited)",
					"@executable_path/Frameworks",
				);
				MARKETING_VERSION = 1.0;
				PRODUCT_BUNDLE_IDENTIFIER = ru.mustdev.VKGroup;
				PRODUCT_NAME = "$(TARGET_NAME)";
				SWIFT_EMIT_LOC_STRINGS = YES;
				SWIFT_VERSION = 5.0;
				TARGETED_DEVICE_FAMILY = "1,2";
			};
			name = Release;
		};
/* End XCBuildConfiguration section */

/* Begin XCConfigurationList section */
		B52015AA287FD04100B0BE0F /* Build configuration list for PBXProject "VKGroup" */ = {
			isa = XCConfigurationList;
			buildConfigurations = (
				B52015C1287FD04200B0BE0F /* Debug */,
				B52015C2287FD04200B0BE0F /* Release */,
			);
			defaultConfigurationIsVisible = 0;
			defaultConfigurationName = Release;
		};
		B52015C3287FD04200B0BE0F /* Build configuration list for PBXNativeTarget "VKGroup" */ = {
			isa = XCConfigurationList;
			buildConfigurations = (
				B52015C4287FD04200B0BE0F /* Debug */,
				B52015C5287FD04200B0BE0F /* Release */,
			);
			defaultConfigurationIsVisible = 0;
			defaultConfigurationName = Release;
		};
/* End XCConfigurationList section */
	};
	rootObject = B52015A7287FD04100B0BE0F /* Project object */;
}
